{
  "name": "@lampalink/lampas",
  "version": "0.0.1",
  "lockfileVersion": 1,
  "requires": true,
  "dependencies": {
    "@babel/runtime": {
      "version": "7.14.8",
      "resolved": "https://registry.npmjs.org/@babel/runtime/-/runtime-7.14.8.tgz",
      "integrity": "sha512-twj3L8Og5SaCRCErB4x4ajbvBIVV77CGeFglHpeg5WC5FF8TZzBWXtTJ4MqaD9QszLYTtr+IsaAL2rEUevb+eg==",
      "requires": {
        "regenerator-runtime": "^0.13.4"
      }
    },
    "@rooks/use-mutation-observer": {
      "version": "4.11.2",
      "resolved": "https://registry.npmjs.org/@rooks/use-mutation-observer/-/use-mutation-observer-4.11.2.tgz",
      "integrity": "sha512-vpsdrZdr6TkB1zZJcHx+fR1YC/pHs2BaqcuYiEGjBVbwY5xcC49+h0hAUtQKHth3oJqXfIX/Ng8S7s5HFHdM/A=="
    },
    "asap": {
      "version": "2.0.6",
      "resolved": "https://registry.npmjs.org/asap/-/asap-2.0.6.tgz",
      "integrity": "sha1-5QNHYR1+aQlDIIu9r+vLwvuGbUY="
    },
    "classnames": {
      "version": "2.3.1",
      "resolved": "https://registry.npmjs.org/classnames/-/classnames-2.3.1.tgz",
      "integrity": "sha512-OlQdbZ7gLfGarSqxesMesDa5uz7KFbID8Kpq/SxIoNGDqY8lSYs0D+hhtBXhcdB3rcbXArFr7vlHheLk1voeNA=="
    },
    "core-js": {
      "version": "3.16.0",
      "resolved": "https://registry.npmjs.org/core-js/-/core-js-3.16.0.tgz",
      "integrity": "sha512-5+5VxRFmSf97nM8Jr2wzOwLqRo6zphH2aX+7KsAUONObyzakDNq2G/bgbhinxB4PoV9L3aXQYhiDKyIKWd2c8g=="
    },
    "cross-fetch": {
      "version": "3.1.4",
      "resolved": "https://registry.npmjs.org/cross-fetch/-/cross-fetch-3.1.4.tgz",
      "integrity": "sha512-1eAtFWdIubi6T4XPy6ei9iUFoKpUkIF971QLN8lIvvvwueI65+Nw5haMNKUwfJxabqlIIDODJKGrQ66gxC0PbQ==",
      "requires": {
        "node-fetch": "2.6.1"
      }
    },
    "detect-node-es": {
      "version": "1.1.0",
      "resolved": "https://registry.npmjs.org/detect-node-es/-/detect-node-es-1.1.0.tgz",
      "integrity": "sha512-ypdmJU/TbBby2Dxibuv7ZLW3Bs1QEmM7nHjEANfohJLvE0XVujisn1qPJcZxg+qDucsr+bP6fLD1rPS3AhJ7EQ=="
    },
    "draft-js": {
      "version": "0.11.7",
      "resolved": "https://registry.npmjs.org/draft-js/-/draft-js-0.11.7.tgz",
      "integrity": "sha512-ne7yFfN4sEL82QPQEn80xnADR8/Q6ALVworbC5UOSzOvjffmYfFsr3xSZtxbIirti14R7Y33EZC5rivpLgIbsg==",
      "requires": {
        "fbjs": "^2.0.0",
        "immutable": "~3.7.4",
        "object-assign": "^4.1.1"
      },
      "dependencies": {
        "immutable": {
          "version": "3.7.6",
          "resolved": "https://registry.npmjs.org/immutable/-/immutable-3.7.6.tgz",
          "integrity": "sha1-E7TTyxK++hVIKib+Gy665kAHHks="
        }
      }
    },
    "draft-js-plugins-editor": {
      "version": "3.0.0",
      "resolved": "https://registry.npmjs.org/draft-js-plugins-editor/-/draft-js-plugins-editor-3.0.0.tgz",
      "integrity": "sha512-bFEL0FUIPg9VK3KSeBZ3D+uMqQEVe4Cv7++LWCMASRH02jy6x2f87NRxSZLzTQES5+oL6Qg+OEUlaTn409145A==",
      "requires": {
        "immutable": "~3.7.4",
        "prop-types": "^15.5.8"
      },
      "dependencies": {
        "immutable": {
          "version": "3.7.6",
          "resolved": "https://registry.npmjs.org/immutable/-/immutable-3.7.6.tgz",
          "integrity": "sha1-E7TTyxK++hVIKib+Gy665kAHHks="
        }
      }
    },
    "fbjs": {
      "version": "2.0.0",
      "resolved": "https://registry.npmjs.org/fbjs/-/fbjs-2.0.0.tgz",
      "integrity": "sha512-8XA8ny9ifxrAWlyhAbexXcs3rRMtxWcs3M0lctLfB49jRDHiaxj+Mo0XxbwE7nKZYzgCFoq64FS+WFd4IycPPQ==",
      "requires": {
        "core-js": "^3.6.4",
        "cross-fetch": "^3.0.4",
        "fbjs-css-vars": "^1.0.0",
        "loose-envify": "^1.0.0",
        "object-assign": "^4.1.0",
        "promise": "^7.1.1",
        "setimmediate": "^1.0.5",
        "ua-parser-js": "^0.7.18"
      }
    },
    "fbjs-css-vars": {
      "version": "1.0.2",
      "resolved": "https://registry.npmjs.org/fbjs-css-vars/-/fbjs-css-vars-1.0.2.tgz",
      "integrity": "sha512-b2XGFAFdWZWg0phtAWLHCk836A1Xann+I+Dgd3Gk64MHKZO44FfoD1KxyvbSh0qZsIoXQGGlVztIY+oitJPpRQ=="
    },
    "focus-lock": {
      "version": "0.9.1",
      "resolved": "https://registry.npmjs.org/focus-lock/-/focus-lock-0.9.1.tgz",
      "integrity": "sha512-/2Nj60Cps6yOLSO+CkVbeSKfwfns5XbX6HOedIK9PdzODP04N9c3xqOcPXayN0WsT9YjJvAnXmI0NdqNIDf5Kw==",
      "requires": {
        "tslib": "^2.0.3"
      }
    },
    "focus-outline-manager": {
      "version": "1.0.2",
      "resolved": "https://registry.npmjs.org/focus-outline-manager/-/focus-outline-manager-1.0.2.tgz",
      "integrity": "sha1-e/NliGU0H7awjQQqA3udKGixGbU="
    },
    "history": {
      "version": "4.10.1",
      "resolved": "https://registry.npmjs.org/history/-/history-4.10.1.tgz",
      "integrity": "sha512-36nwAD620w12kuzPAsyINPWJqlNbij+hpK1k9XRloDtym8mxzGYl2c17LnV6IAGB2Dmg4tEa7G7DlawS0+qjew==",
      "requires": {
        "@babel/runtime": "^7.1.2",
        "loose-envify": "^1.2.0",
        "resolve-pathname": "^3.0.0",
        "tiny-invariant": "^1.0.2",
        "tiny-warning": "^1.0.0",
        "value-equal": "^1.0.1"
      }
    },
    "hoist-non-react-statics": {
      "version": "3.3.2",
      "resolved": "https://registry.npmjs.org/hoist-non-react-statics/-/hoist-non-react-statics-3.3.2.tgz",
      "integrity": "sha512-/gGivxi8JPKWNm/W0jSmzcMPpfpPLc3dY/6GxhX2hQ9iGj3aDfklV4ET7NjKpSinLpJ5vafa9iiGIEZg10SfBw==",
      "requires": {
        "react-is": "^16.7.0"
      }
    },
    "immutable": {
      "version": "4.0.0-rc.14",
      "resolved": "https://registry.npmjs.org/immutable/-/immutable-4.0.0-rc.14.tgz",
      "integrity": "sha512-pfkvmRKJSoW7JFx0QeYlAmT+kNYvn5j0u7bnpNq4N2RCvHSTlLT208G8jgaquNe+Q8kCPHKOSpxJkyvLDpYq0w=="
    },
    "isarray": {
      "version": "0.0.1",
      "resolved": "https://registry.npmjs.org/isarray/-/isarray-0.0.1.tgz",
      "integrity": "sha1-ihis/Kmo9Bd+Cav8YDiTmwXR7t8="
    },
    "js-tokens": {
      "version": "4.0.0",
      "resolved": "https://registry.npmjs.org/js-tokens/-/js-tokens-4.0.0.tgz",
      "integrity": "sha512-RdJUflcE3cUzKiMqQgsCu06FPu9UdIJO0beYbPhHN4k6apgJtifcoCtT9bcxOpYBtpD2kCM6Sbzg4CausW/PKQ=="
    },
    "jsignal": {
      "version": "2.5.0",
      "resolved": "https://registry.npmjs.org/jsignal/-/jsignal-2.5.0.tgz",
      "integrity": "sha512-rqXHT6dtbdtvwE2NAmRwTlxZqmqhCVn4WIz9G0y2H++GNxAJjfMf4BY625zVrSUHf9v/tmhFUjeHFPYW+PExDw=="
    },
    "lodash": {
      "version": "4.17.21",
      "resolved": "https://registry.npmjs.org/lodash/-/lodash-4.17.21.tgz",
      "integrity": "sha512-v2kDEe57lecTulaDIuNTPy3Ry4gLGJ6Z1O3vE1krgXZNrsQ+LFTGHVxVjcXPs17LhbZVGedAJv8XZ1tvj5FvSg=="
    },
    "lodash.debounce": {
      "version": "4.0.8",
      "resolved": "https://registry.npmjs.org/lodash.debounce/-/lodash.debounce-4.0.8.tgz",
      "integrity": "sha1-gteb/zCmfEAF/9XiUVMArZyk168="
    },
    "lodash.pick": {
      "version": "4.4.0",
      "resolved": "https://registry.npmjs.org/lodash.pick/-/lodash.pick-4.4.0.tgz",
      "integrity": "sha1-UvBWEP/53tQiYRRB7R/BI6AwAbM="
    },
    "loose-envify": {
      "version": "1.4.0",
      "resolved": "https://registry.npmjs.org/loose-envify/-/loose-envify-1.4.0.tgz",
      "integrity": "sha512-lyuxPGr/Wfhrlem2CL/UcnUc1zcqKAImBDzukY7Y5F/yQiNdko6+fRLevlw1HgMySw7f611UIY408EtxRSoK3Q==",
      "requires": {
        "js-tokens": "^3.0.0 || ^4.0.0"
      }
    },
    "mini-create-react-context": {
      "version": "0.4.1",
      "resolved": "https://registry.npmjs.org/mini-create-react-context/-/mini-create-react-context-0.4.1.tgz",
      "integrity": "sha512-YWCYEmd5CQeHGSAKrYvXgmzzkrvssZcuuQDDeqkT+PziKGMgE+0MCCtcKbROzocGBG1meBLl2FotlRwf4gAzbQ==",
      "requires": {
        "@babel/runtime": "^7.12.1",
        "tiny-warning": "^1.0.3"
      }
    },
    "node-fetch": {
      "version": "2.6.1",
      "resolved": "https://registry.npmjs.org/node-fetch/-/node-fetch-2.6.1.tgz",
      "integrity": "sha512-V4aYg89jEoVRxRb2fJdAg8FHvI7cEyYdVAh94HH0UIK8oJxUfkjlDQN9RbMx+bEjP7+ggMiFRprSti032Oipxw=="
    },
    "object-assign": {
      "version": "4.1.1",
      "resolved": "https://registry.npmjs.org/object-assign/-/object-assign-4.1.1.tgz",
      "integrity": "sha1-IQmtx5ZYh8/AXLvUQsrIv7s2CGM="
    },
    "path-to-regexp": {
      "version": "1.8.0",
      "resolved": "https://registry.npmjs.org/path-to-regexp/-/path-to-regexp-1.8.0.tgz",
      "integrity": "sha512-n43JRhlUKUAlibEJhPeir1ncUID16QnEjNpwzNdO3Lm4ywrBpBZ5oLD0I6br9evr1Y9JTqwRtAh7JLoOzAQdVA==",
      "requires": {
        "isarray": "0.0.1"
      }
    },
    "promise": {
      "version": "7.3.1",
      "resolved": "https://registry.npmjs.org/promise/-/promise-7.3.1.tgz",
      "integrity": "sha512-nolQXZ/4L+bP/UGlkfaIujX9BKxGwmQ9OT4mOt5yvy8iK1h3wqTEJCijzGANTCCl9nWjY41juyAn2K3Q1hLLTg==",
      "requires": {
        "asap": "~2.0.3"
      }
    },
    "prop-types": {
      "version": "15.7.2",
      "resolved": "https://registry.npmjs.org/prop-types/-/prop-types-15.7.2.tgz",
      "integrity": "sha512-8QQikdH7//R2vurIJSutZ1smHYTcLpRWEOlHnzcWHmBYrOGUysKwSsrC89BCiFj3CbrfJ/nXFdJepOVrY1GCHQ==",
      "requires": {
        "loose-envify": "^1.4.0",
        "object-assign": "^4.1.1",
        "react-is": "^16.8.1"
      }
    },
    "react": {
      "version": "17.0.2",
      "resolved": "https://registry.npmjs.org/react/-/react-17.0.2.tgz",
      "integrity": "sha512-gnhPt75i/dq/z3/6q/0asP78D0u592D5L1pd7M8P+dck6Fu/jJeL6iVVK23fptSUZj8Vjf++7wXA8UNclGQcbA==",
      "requires": {
        "loose-envify": "^1.1.0",
        "object-assign": "^4.1.1"
      }
    },
    "react-clientside-effect": {
      "version": "1.2.5",
      "resolved": "https://registry.npmjs.org/react-clientside-effect/-/react-clientside-effect-1.2.5.tgz",
      "integrity": "sha512-2bL8qFW1TGBHozGGbVeyvnggRpMjibeZM2536AKNENLECutp2yfs44IL8Hmpn8qjFQ2K7A9PnYf3vc7aQq/cPA==",
      "requires": {
        "@babel/runtime": "^7.12.13"
      }
    },
    "react-focus-lock": {
      "version": "2.5.2",
      "resolved": "https://registry.npmjs.org/react-focus-lock/-/react-focus-lock-2.5.2.tgz",
      "integrity": "sha512-WzpdOnEqjf+/A3EH9opMZWauag7gV0BxFl+EY4ElA4qFqYsUsBLnmo2sELbN5OC30S16GAWMy16B9DLPpdJKAQ==",
      "requires": {
        "@babel/runtime": "^7.0.0",
        "focus-lock": "^0.9.1",
        "prop-types": "^15.6.2",
        "react-clientside-effect": "^1.2.5",
        "use-callback-ref": "^1.2.5",
        "use-sidecar": "^1.0.5"
      }
    },
    "react-is": {
      "version": "16.13.1",
      "resolved": "https://registry.npmjs.org/react-is/-/react-is-16.13.1.tgz",
      "integrity": "sha512-24e6ynE2H+OKt4kqsOvNd8kBpV65zoxbA4BVsEOB3ARVWQki/DHzaUoC5KuON/BiccDaCCTZBuOcfZs70kR8bQ=="
    },
    "react-paginate": {
      "version": "7.1.3",
      "resolved": "https://registry.npmjs.org/react-paginate/-/react-paginate-7.1.3.tgz",
      "integrity": "sha512-cHTXXE90Z3DlKSJiIQFzAcWoIFs9mq6r1/+rQF099NPvdJpbR8f6E/ES32tlUw4qe1R6qWLOrPZYhvAy4UgHLA==",
      "requires": {
        "prop-types": "^15.6.1"
      }
    },
    "react-router": {
      "version": "5.2.0",
      "resolved": "https://registry.npmjs.org/react-router/-/react-router-5.2.0.tgz",
      "integrity": "sha512-smz1DUuFHRKdcJC0jobGo8cVbhO3x50tCL4icacOlcwDOEQPq4TMqwx3sY1TP+DvtTgz4nm3thuo7A+BK2U0Dw==",
      "requires": {
        "@babel/runtime": "^7.1.2",
        "history": "^4.9.0",
        "hoist-non-react-statics": "^3.1.0",
        "loose-envify": "^1.3.1",
        "mini-create-react-context": "^0.4.0",
        "path-to-regexp": "^1.7.0",
        "prop-types": "^15.6.2",
        "react-is": "^16.6.0",
        "tiny-invariant": "^1.0.2",
        "tiny-warning": "^1.0.0"
      }
    },
    "react-router-dom": {
      "version": "5.2.0",
      "resolved": "https://registry.npmjs.org/react-router-dom/-/react-router-dom-5.2.0.tgz",
      "integrity": "sha512-gxAmfylo2QUjcwxI63RhQ5G85Qqt4voZpUXSEqCwykV0baaOTQDR1f0PmY8AELqIyVc0NEZUj0Gov5lNGcXgsA==",
      "requires": {
        "@babel/runtime": "^7.1.2",
        "history": "^4.9.0",
        "loose-envify": "^1.3.1",
        "prop-types": "^15.6.2",
        "react-router": "5.2.0",
        "tiny-invariant": "^1.0.2",
        "tiny-warning": "^1.0.0"
      }
    },
    "reactour": {
      "version": "1.18.6",
      "resolved": "https://registry.npmjs.org/reactour/-/reactour-1.18.6.tgz",
      "integrity": "sha512-6Dm3bkqf3wKfzLL6laMez2xVO6iZ9o5CFG4Na1ttE0OcdJ2VriY/aOeHSPW6O7kwnDqiy4z+sdvzhqaHuVl0fg==",
      "requires": {
        "@rooks/use-mutation-observer": "4.11.2",
        "classnames": "2.3.1",
        "focus-outline-manager": "^1.0.2",
        "lodash.debounce": "4.0.8",
        "lodash.pick": "4.4.0",
        "prop-types": "15.7.2",
        "react-focus-lock": "2.5.2",
        "scroll-smooth": "1.1.0",
        "scrollparent": "2.0.1"
      }
    },
    "regenerator-runtime": {
      "version": "0.13.9",
      "resolved": "https://registry.npmjs.org/regenerator-runtime/-/regenerator-runtime-0.13.9.tgz",
      "integrity": "sha512-p3VT+cOEgxFsRRA9X4lkI1E+k2/CtnKtU4gcxyaCUreilL/vqI6CdZ3wxVUx3UOUg+gnUOQQcRI7BmSI656MYA=="
    },
    "resolve-pathname": {
      "version": "3.0.0",
      "resolved": "https://registry.npmjs.org/resolve-pathname/-/resolve-pathname-3.0.0.tgz",
      "integrity": "sha512-C7rARubxI8bXFNB/hqcp/4iUeIXJhJZvFPFPiSPRnhU5UPxzMFIl+2E6yY6c4k9giDJAhtV+enfA+G89N6Csng=="
    },
    "scroll-smooth": {
      "version": "1.1.0",
      "resolved": "https://registry.npmjs.org/scroll-smooth/-/scroll-smooth-1.1.0.tgz",
      "integrity": "sha512-68OUOXKN/ykM/Dbp4Lhza3O9QQUuW/c01WTsZzDOUyVgb1I5QjT/awOHCCbuYTSV1QnExUQ9w+KcxmVxlXIiAg=="
    },
    "scrollparent": {
      "version": "2.0.1",
      "resolved": "https://registry.npmjs.org/scrollparent/-/scrollparent-2.0.1.tgz",
      "integrity": "sha1-cV1bnMV3YPsivczDvvtb/gaxoxc="
    },
    "setimmediate": {
      "version": "1.0.5",
      "resolved": "https://registry.npmjs.org/setimmediate/-/setimmediate-1.0.5.tgz",
      "integrity": "sha1-KQy7Iy4waULX1+qbg3Mqt4VvgoU="
    },
    "tiny-invariant": {
      "version": "1.1.0",
      "resolved": "https://registry.npmjs.org/tiny-invariant/-/tiny-invariant-1.1.0.tgz",
      "integrity": "sha512-ytxQvrb1cPc9WBEI/HSeYYoGD0kWnGEOR8RY6KomWLBVhqz0RgTwVO9dLrGz7dC+nN9llyI7OKAgRq8Vq4ZBSw=="
    },
    "tiny-warning": {
      "version": "1.0.3",
      "resolved": "https://registry.npmjs.org/tiny-warning/-/tiny-warning-1.0.3.tgz",
      "integrity": "sha512-lBN9zLN/oAf68o3zNXYrdCt1kP8WsiGW8Oo2ka41b2IM5JL/S1CTyX1rW0mb/zSuJun0ZUrDxx4sqvYS2FWzPA=="
    },
    "ts-essentials": {
      "version": "7.0.3",
      "resolved": "https://registry.npmjs.org/ts-essentials/-/ts-essentials-7.0.3.tgz",
      "integrity": "sha512-8+gr5+lqO3G84KdiTSMRLtuyJ+nTBVRKuCrK4lidMPdVeEp0uqC875uE5NMcaA7YYMN7XsNiFQuMvasF8HT/xQ=="
    },
    "tslib": {
      "version": "2.3.0",
      "resolved": "https://registry.npmjs.org/tslib/-/tslib-2.3.0.tgz",
      "integrity": "sha512-N82ooyxVNm6h1riLCoyS9e3fuJ3AMG2zIZs2Gd1ATcSFjSA23Q0fzjjZeh0jbJvWVDZ0cJT8yaNNaaXHzueNjg=="
    },
    "ua-parser-js": {
      "version": "0.7.28",
      "resolved": "https://registry.npmjs.org/ua-parser-js/-/ua-parser-js-0.7.28.tgz",
      "integrity": "sha512-6Gurc1n//gjp9eQNXjD9O3M/sMwVtN5S8Lv9bvOYBfKfDNiIIhqiyi01vMBO45u4zkDE420w/e0se7Vs+sIg+g=="
    },
    "use-callback-ref": {
      "version": "1.2.5",
      "resolved": "https://registry.npmjs.org/use-callback-ref/-/use-callback-ref-1.2.5.tgz",
      "integrity": "sha512-gN3vgMISAgacF7sqsLPByqoePooY3n2emTH59Ur5d/M8eg4WTWu1xp8i8DHjohftIyEx0S08RiYxbffr4j8Peg=="
    },
    "use-sidecar": {
      "version": "1.0.5",
      "resolved": "https://registry.npmjs.org/use-sidecar/-/use-sidecar-1.0.5.tgz",
      "integrity": "sha512-k9jnrjYNwN6xYLj1iaGhonDghfvmeTmYjAiGvOr7clwKfPjMXJf4/HOr7oT5tJwYafgp2tG2l3eZEOfoELiMcA==",
      "requires": {
        "detect-node-es": "^1.1.0",
        "tslib": "^1.9.3"
      },
      "dependencies": {
        "tslib": {
          "version": "1.14.1",
          "resolved": "https://registry.npmjs.org/tslib/-/tslib-1.14.1.tgz",
          "integrity": "sha512-Xni35NKzjgMrwevysHTCArtLDpPvye8zV/0E4EyYn43P7/7qvQwPh9BGkHewbMulVntbigmcT7rdX3BNo9wRJg=="
        }
      }
    },
    "uuid": {
      "version": "8.3.2",
      "resolved": "https://registry.npmjs.org/uuid/-/uuid-8.3.2.tgz",
      "integrity": "sha512-+NYs2QeMWy+GWFOEm9xnn6HCDp0l7QBD7ml8zLUmJ+93Q5NF0NocErnwkTkXVFNiX3/fpC6afS8Dhb/gz7R7eg=="
    },
    "value-equal": {
      "version": "1.0.1",
      "resolved": "https://registry.npmjs.org/value-equal/-/value-equal-1.0.1.tgz",
      "integrity": "sha512-NOJ6JZCAWr0zlxZt+xqCHNTEKOsrks2HQd4MqhP1qy4z1SkbEP467eNx6TgDKXMvUOb+OENfJCZwM+16n7fRfw=="
    }
  }
}
